
Microsoft Visual Studio Solution File, Format Version 12.00
# Visual Studio 15
VisualStudioVersion = 15.0.26730.16
MinimumVisualStudioVersion = 10.0.40219.1
Project("{FAE04EC0-301F-11D3-BF4B-00C04F79EFBC}") = "DataStoreExample", "DataStoreExample\DataStoreExample.csproj", "{08BA126D-6C3B-432B-9EB4-8B0C98342ABE}"
EndProject
Project("{FAE04EC0-301F-11D3-BF4B-00C04F79EFBC}") = "DataStoreExample.Tests", "DataStoreExample.Tests\DataStoreExample.Tests.csproj", "{D84B2651-22A2-4635-8494-2ADB5473D041}"
EndProject
Global
	GlobalSection(SolutionConfigurationPlatforms) = preSolution
		Debug|Any CPU = Debug|Any CPU
		Release|Any CPU = Release|Any CPU
	EndGlobalSection
	GlobalSection(ProjectConfigurationPlatforms) = postSolution
		{08BA126D-6C3B-432B-9EB4-8B0C98342ABE}.Debug|Any CPU.ActiveCfg = Debug|Any CPU
		{08BA126D-6C3B-432B-9EB4-8B0C98342ABE}.Debug|Any CPU.Build.0 = Debug|Any CPU
		{08BA126D-6C3B-432B-9EB4-8B0C98342ABE}.Release|Any CPU.ActiveCfg = Release|Any CPU
		{08BA126D-6C3B-432B-9EB4-8B0C98342ABE}.Release|Any CPU.Build.0 = Release|Any CPU
		{D84B2651-22A2-4635-8494-2ADB5473D041}.Debug|Any CPU.ActiveCfg = Debug|Any CPU
		{D84B2651-22A2-4635-8494-2ADB5473D041}.Debug|Any CPU.Build.0 = Debug|Any CPU
		{D84B2651-22A2-4635-8494-2ADB5473D041}.Release|Any CPU.ActiveCfg = Release|Any CPU
		{D84B2651-22A2-4635-8494-2ADB5473D041}.Release|Any CPU.Build.0 = Release|Any CPU
	EndGlobalSection
	GlobalSection(SolutionProperties) = preSolution
		HideSolutionNode = FALSE
	EndGlobalSection
	GlobalSection(ExtensibilityGlobals) = postSolution
		SolutionGuid = {017BECA4-4DC5-4A4F-941D-D736FCFC6F14}
	EndGlobalSection
EndGlobal
